
Microsoft Visual Studio Solution File, Format Version 12.00
# Visual Studio Version 17
VisualStudioVersion = 17.4.32916.344
MinimumVisualStudioVersion = 10.0.40219.1
Project("{9A19103F-16F7-4668-BE54-9A1E7A4F7556}") = "InfiniteChess.Server", "Server\InfiniteChess.Server.csproj", "{E21385F7-4802-4050-B971-99BD48CEC3EC}"
EndProject
Project("{9A19103F-16F7-4668-BE54-9A1E7A4F7556}") = "InfiniteChess.Client", "Client\InfiniteChess.Client.csproj", "{BAC838FE-E5DE-4176-B3B5-3022465B20FB}"
EndProject
Project("{9A19103F-16F7-4668-BE54-9A1E7A4F7556}") = "InfiniteChess.Shared", "Shared\InfiniteChess.Shared.csproj", "{DE463387-9B89-4414-AB1E-CC674B026871}"
EndProject
Project("{9A19103F-16F7-4668-BE54-9A1E7A4F7556}") = "InfiniteChess.UnitTests", "UnitTests\InfiniteChess.UnitTests.csproj", "{347B4447-171B-420A-B0DF-3E3ADEC06AAD}"
EndProject
Global
	GlobalSection(SolutionConfigurationPlatforms) = preSolution
		Debug|Any CPU = Debug|Any CPU
		Release|Any CPU = Release|Any CPU
	EndGlobalSection
	GlobalSection(ProjectConfigurationPlatforms) = postSolution
		{E21385F7-4802-4050-B971-99BD48CEC3EC}.Debug|Any CPU.ActiveCfg = Debug|Any CPU
		{E21385F7-4802-4050-B971-99BD48CEC3EC}.Debug|Any CPU.Build.0 = Debug|Any CPU
		{E21385F7-4802-4050-B971-99BD48CEC3EC}.Release|Any CPU.ActiveCfg = Release|Any CPU
		{E21385F7-4802-4050-B971-99BD48CEC3EC}.Release|Any CPU.Build.0 = Release|Any CPU
		{BAC838FE-E5DE-4176-B3B5-3022465B20FB}.Debug|Any CPU.ActiveCfg = Debug|Any CPU
		{BAC838FE-E5DE-4176-B3B5-3022465B20FB}.Debug|Any CPU.Build.0 = Debug|Any CPU
		{BAC838FE-E5DE-4176-B3B5-3022465B20FB}.Release|Any CPU.ActiveCfg = Release|Any CPU
		{BAC838FE-E5DE-4176-B3B5-3022465B20FB}.Release|Any CPU.Build.0 = Release|Any CPU
		{DE463387-9B89-4414-AB1E-CC674B026871}.Debug|Any CPU.ActiveCfg = Debug|Any CPU
		{DE463387-9B89-4414-AB1E-CC674B026871}.Debug|Any CPU.Build.0 = Debug|Any CPU
		{DE463387-9B89-4414-AB1E-CC674B026871}.Release|Any CPU.ActiveCfg = Release|Any CPU
		{DE463387-9B89-4414-AB1E-CC674B026871}.Release|Any CPU.Build.0 = Release|Any CPU
		{347B4447-171B-420A-B0DF-3E3ADEC06AAD}.Debug|Any CPU.ActiveCfg = Debug|Any CPU
		{347B4447-171B-420A-B0DF-3E3ADEC06AAD}.Debug|Any CPU.Build.0 = Debug|Any CPU
		{347B4447-171B-420A-B0DF-3E3ADEC06AAD}.Release|Any CPU.ActiveCfg = Release|Any CPU
		{347B4447-171B-420A-B0DF-3E3ADEC06AAD}.Release|Any CPU.Build.0 = Release|Any CPU
	EndGlobalSection
	GlobalSection(SolutionProperties) = preSolution
		HideSolutionNode = FALSE
	EndGlobalSection
	GlobalSection(ExtensibilityGlobals) = postSolution
		SolutionGuid = {5B22FA1A-5F09-4090-B780-BA319170C3EC}
	EndGlobalSection
EndGlobal
